
Microsoft Visual Studio Solution File, Format Version 12.00
# Visual Studio Version 17
VisualStudioVersion = 17.4.33122.133
MinimumVisualStudioVersion = 10.0.40219.1
Project("{FAE04EC0-301F-11D3-BF4B-00C04F79EFBC}") = "Decorator", "Decorator\Decorator.csproj", "{BD0B3D4C-78D9-4EC2-899A-080C12BF6010}"
EndProject
Global
	GlobalSection(SolutionConfigurationPlatforms) = preSolution
		Debug|Any CPU = Debug|Any CPU
		Release|Any CPU = Release|Any CPU
	EndGlobalSection
	GlobalSection(ProjectConfigurationPlatforms) = postSolution
		{BD0B3D4C-78D9-4EC2-899A-080C12BF6010}.Debug|Any CPU.ActiveCfg = Debug|Any CPU
		{BD0B3D4C-78D9-4EC2-899A-080C12BF6010}.Debug|Any CPU.Build.0 = Debug|Any CPU
		{BD0B3D4C-78D9-4EC2-899A-080C12BF6010}.Release|Any CPU.ActiveCfg = Release|Any CPU
		{BD0B3D4C-78D9-4EC2-899A-080C12BF6010}.Release|Any CPU.Build.0 = Release|Any CPU
	EndGlobalSection
	GlobalSection(SolutionProperties) = preSolution
		HideSolutionNode = FALSE
	EndGlobalSection
	GlobalSection(ExtensibilityGlobals) = postSolution
		SolutionGuid = {BE6DBC41-0352-42F3-B657-3927147E7D20}
	EndGlobalSection
EndGlobal
